// !$*UTF8*$!
{
	archiveVersion = 1;
	classes = {
	};
	objectVersion = 77;
	objects = {

/* Begin PBXContainerItemProxy section */
		ABCEF8A72ECBF30A00FF9755 /* PBXContainerItemProxy */ = {
			isa = PBXContainerItemProxy;
			containerPortal = ABCEF8912ECBF30700FF9755 /* Project object */;
			proxyType = 1;
			remoteGlobalIDString = ABCEF8982ECBF30700FF9755;
			remoteInfo = SwiftCode_Challenge;
		};
		ABCEF8B12ECBF30A00FF9755 /* PBXContainerItemProxy */ = {
			isa = PBXContainerItemProxy;
			containerPortal = ABCEF8912ECBF30700FF9755 /* Project object */;
			proxyType = 1;
			remoteGlobalIDString = ABCEF8982ECBF30700FF9755;
			remoteInfo = SwiftCode_Challenge;
		};
/* End PBXContainerItemProxy section */

/* Begin PBXFileReference section */
		ABCEF8992ECBF30700FF9755 /* SwiftCode_Challenge.app */ = {isa = PBXFileReference; explicitFileType = wrapper.application; includeInIndex = 0; path = SwiftCode_Challenge.app; sourceTree = BUILT_PRODUCTS_DIR; };
		ABCEF8A62ECBF30A00FF9755 /* SwiftCode_ChallengeTests.xctest */ = {isa = PBXFileReference; explicitFileType = wrapper.cfbundle; includeInIndex = 0; path = SwiftCode_ChallengeTests.xctest; sourceTree = BUILT_PRODUCTS_DIR; };
		ABCEF8B02ECBF30A00FF9755 /* SwiftCode_ChallengeUITests.xctest */ = {isa = PBXFileReference; explicitFileType = wrapper.cfbundle; includeInIndex = 0; path = SwiftCode_ChallengeUITests.xctest; sourceTree = BUILT_PRODUCTS_DIR; };
/* End PBXFileReference section */

/* Begin PBXFileSystemSynchronizedRootGroup section */
		ABCEF89B2ECBF30700FF9755 /* SwiftCode_Challenge */ = {
			isa = PBXFileSystemSynchronizedRootGroup;
			path = SwiftCode_Challenge;
			sourceTree = "<group>";
		};
		ABCEF8A92ECBF30A00FF9755 /* SwiftCode_ChallengeTests */ = {
			isa = PBXFileSystemSynchronizedRootGroup;
			path = SwiftCode_ChallengeTests;
			sourceTree = "<group>";
		};
		ABCEF8B32ECBF30A00FF9755 /* SwiftCode_ChallengeUITests */ = {
			isa = PBXFileSystemSynchronizedRootGroup;
			path = SwiftCode_ChallengeUITests;
			sourceTree = "<group>";
		};
/* End PBXFileSystemSynchronizedRootGroup section */

/* Begin PBXFrameworksBuildPhase section */
		ABCEF8962ECBF30700FF9755 /* Frameworks */ = {
			isa = PBXFrameworksBuildPhase;
			buildActionMask = 2147483647;
			files = (
			);
			runOnlyForDeploymentPostprocessing = 0;
		};
		ABCEF8A32ECBF30A00FF9755 /* Frameworks */ = {
			isa = PBXFrameworksBuildPhase;
			buildActionMask = 2147483647;
			files = (
			);
			runOnlyForDeploymentPostprocessing = 0;
		};
		ABCEF8AD2ECBF30A00FF9755 /* Frameworks */ = {
			isa = PBXFrameworksBuildPhase;
			buildActionMask = 2147483647;
			files = (
			);
			runOnlyForDeploymentPostprocessing = 0;
		};
/* End PBXFrameworksBuildPhase section */

/* Begin PBXGroup section */
		ABCEF8902ECBF30700FF9755 = {
			isa = PBXGroup;
			children = (
				ABCEF89B2ECBF30700FF9755 /* SwiftCode_Challenge */,
				ABCEF8A92ECBF30A00FF9755 /* SwiftCode_ChallengeTests */,
				ABCEF8B32ECBF30A00FF9755 /* SwiftCode_ChallengeUITests */,
				ABCEF89A2ECBF30700FF9755 /* Products */,
			);
			sourceTree = "<group>";
		};
		ABCEF89A2ECBF30700FF9755 /* Products */ = {
			isa = PBXGroup;
			children = (
				ABCEF8992ECBF30700FF9755 /* SwiftCode_Challenge.app */,
				ABCEF8A62ECBF30A00FF9755 /* SwiftCode_ChallengeTests.xctest */,
				ABCEF8B02ECBF30A00FF9755 /* SwiftCode_ChallengeUITests.xctest */,
			);
			name = Products;
			sourceTree = "<group>";
		};
/* End PBXGroup section */

/* Begin PBXNativeTarget section */
		ABCEF8982ECBF30700FF9755 /* SwiftCode_Challenge */ = {
			isa = PBXNativeTarget;
			buildConfigurationList = ABCEF8BA2ECBF30A00FF9755 /* Build configuration list for PBXNativeTarget "SwiftCode_Challenge" */;
			buildPhases = (
				ABCEF8952ECBF30700FF9755 /* Sources */,
				ABCEF8962ECBF30700FF9755 /* Frameworks */,
				ABCEF8972ECBF30700FF9755 /* Resources */,
			);
			buildRules = (
			);
			dependencies = (
			);
			fileSystemSynchronizedGroups = (
				ABCEF89B2ECBF30700FF9755 /* SwiftCode_Challenge */,
			);
			name = SwiftCode_Challenge;
			packageProductDependencies = (
			);
			productName = SwiftCode_Challenge;
			productReference = ABCEF8992ECBF30700FF9755 /* SwiftCode_Challenge.app */;
			productType = "com.apple.product-type.application";
		};
		ABCEF8A52ECBF30A00FF9755 /* SwiftCode_ChallengeTests */ = {
			isa = PBXNativeTarget;
			buildConfigurationList = ABCEF8BD2ECBF30A00FF9755 /* Build configuration list for PBXNativeTarget "SwiftCode_ChallengeTests" */;
			buildPhases = (
				ABCEF8A22ECBF30A00FF9755 /* Sources */,
				ABCEF8A32ECBF30A00FF9755 /* Frameworks */,
				ABCEF8A42ECBF30A00FF9755 /* Resources */,
			);
			buildRules = (
			);
			dependencies = (
				ABCEF8A82ECBF30A00FF9755 /* PBXTargetDependency */,
			);
			fileSystemSynchronizedGroups = (
				ABCEF8A92ECBF30A00FF9755 /* SwiftCode_ChallengeTests */,
			);
			name = SwiftCode_ChallengeTests;
			packageProductDependencies = (
			);
			productName = SwiftCode_ChallengeTests;
			productReference = ABCEF8A62ECBF30A00FF9755 /* SwiftCode_ChallengeTests.xctest */;
			productType = "com.apple.product-type.bundle.unit-test";
		};
		ABCEF8AF2ECBF30A00FF9755 /* SwiftCode_ChallengeUITests */ = {
			isa = PBXNativeTarget;
			buildConfigurationList = ABCEF8C02ECBF30A00FF9755 /* Build configuration list for PBXNativeTarget "SwiftCode_ChallengeUITests" */;
			buildPhases = (
				ABCEF8AC2ECBF30A00FF9755 /* Sources */,
				ABCEF8AD2ECBF30A00FF9755 /* Frameworks */,
				ABCEF8AE2ECBF30A00FF9755 /* Resources */,
			);
			buildRules = (
			);
			dependencies = (
				ABCEF8B22ECBF30A00FF9755 /* PBXTargetDependency */,
			);
			fileSystemSynchronizedGroups = (
				ABCEF8B32ECBF30A00FF9755 /* SwiftCode_ChallengeUITests */,
			);
			name = SwiftCode_ChallengeUITests;
			packageProductDependencies = (
			);
			productName = SwiftCode_ChallengeUITests;
			productReference = ABCEF8B02ECBF30A00FF9755 /* SwiftCode_ChallengeUITests.xctest */;
			productType = "com.apple.product-type.bundle.ui-testing";
		};
/* End PBXNativeTarget section */

/* Begin PBXProject section */
		ABCEF8912ECBF30700FF9755 /* Project object */ = {
			isa = PBXProject;
			attributes = {
				BuildIndependentTargetsInParallel = 1;
				LastSwiftUpdateCheck = 2600;
				LastUpgradeCheck = 2600;
				TargetAttributes = {
					ABCEF8982ECBF30700FF9755 = {
						CreatedOnToolsVersion = 26.0.1;
					};
					ABCEF8A52ECBF30A00FF9755 = {
						CreatedOnToolsVersion = 26.0.1;
						TestTargetID = ABCEF8982ECBF30700FF9755;
					};
					ABCEF8AF2ECBF30A00FF9755 = {
						CreatedOnToolsVersion = 26.0.1;
						TestTargetID = ABCEF8982ECBF30700FF9755;
					};
				};
			};
			buildConfigurationList = ABCEF8942ECBF30700FF9755 /* Build configuration list for PBXProject "SwiftCode_Challenge" */;
			developmentRegion = en;
			hasScannedForEncodings = 0;
			knownRegions = (
				en,
				Base,
			);
			mainGroup = ABCEF8902ECBF30700FF9755;
			minimizedProjectReferenceProxies = 1;
			preferredProjectObjectVersion = 77;
			productRefGroup = ABCEF89A2ECBF30700FF9755 /* Products */;
			projectDirPath = "";
			projectRoot = "";
			targets = (
				ABCEF8982ECBF30700FF9755 /* SwiftCode_Challenge */,
				ABCEF8A52ECBF30A00FF9755 /* SwiftCode_ChallengeTests */,
				ABCEF8AF2ECBF30A00FF9755 /* SwiftCode_ChallengeUITests */,
			);
		};
/* End PBXProject section */

/* Begin PBXResourcesBuildPhase section */
		ABCEF8972ECBF30700FF9755 /* Resources */ = {
			isa = PBXResourcesBuildPhase;
			buildActionMask = 2147483647;
			files = (
			);
			runOnlyForDeploymentPostprocessing = 0;
		};
		ABCEF8A42ECBF30A00FF9755 /* Resources */ = {
			isa = PBXResourcesBuildPhase;
			buildActionMask = 2147483647;
			files = (
			);
			runOnlyForDeploymentPostprocessing = 0;
		};
		ABCEF8AE2ECBF30A00FF9755 /* Resources */ = {
			isa = PBXResourcesBuildPhase;
			buildActionMask = 2147483647;
			files = (
			);
			runOnlyForDeploymentPostprocessing = 0;
		};
/* End PBXResourcesBuildPhase section */

/* Begin PBXSourcesBuildPhase section */
		ABCEF8952ECBF30700FF9755 /* Sources */ = {
			isa = PBXSourcesBuildPhase;
			buildActionMask = 2147483647;
			files = (
			);
			runOnlyForDeploymentPostprocessing = 0;
		};
		ABCEF8A22ECBF30A00FF9755 /* Sources */ = {
			isa = PBXSourcesBuildPhase;
			buildActionMask = 2147483647;
			files = (
			);
			runOnlyForDeploymentPostprocessing = 0;
		};
		ABCEF8AC2ECBF30A00FF9755 /* Sources */ = {
			isa = PBXSourcesBuildPhase;
			buildActionMask = 2147483647;
			files = (
			);
			runOnlyForDeploymentPostprocessing = 0;
		};
/* End PBXSourcesBuildPhase section */

/* Begin PBXTargetDependency section */
		ABCEF8A82ECBF30A00FF9755 /* PBXTargetDependency */ = {
			isa = PBXTargetDependency;
			target = ABCEF8982ECBF30700FF9755 /* SwiftCode_Challenge */;
			targetProxy = ABCEF8A72ECBF30A00FF9755 /* PBXContainerItemProxy */;
		};
		ABCEF8B22ECBF30A00FF9755 /* PBXTargetDependency */ = {
			isa = PBXTargetDependency;
			target = ABCEF8982ECBF30700FF9755 /* SwiftCode_Challenge */;
			targetProxy = ABCEF8B12ECBF30A00FF9755 /* PBXContainerItemProxy */;
		};
/* End PBXTargetDependency section */

/* Begin XCBuildConfiguration section */
		ABCEF8B82ECBF30A00FF9755 /* Debug */ = {
			isa = XCBuildConfiguration;
			buildSettings = {
				ALWAYS_SEARCH_USER_PATHS = NO;
				ASSETCATALOG_COMPILER_GENERATE_SWIFT_ASSET_SYMBOL_EXTENSIONS = YES;
				CLANG_ANALYZER_NONNULL = YES;
				CLANG_ANALYZER_NUMBER_OBJECT_CONVERSION = YES_AGGRESSIVE;
				CLANG_CXX_LANGUAGE_STANDARD = "gnu++20";
				CLANG_ENABLE_MODULES = YES;
				CLANG_ENABLE_OBJC_ARC = YES;
				CLANG_ENABLE_OBJC_WEAK = YES;
				CLANG_WARN_BLOCK_CAPTURE_AUTORELEASING = YES;
				CLANG_WARN_BOOL_CONVERSION = YES;
				CLANG_WARN_COMMA = YES;
				CLANG_WARN_CONSTANT_CONVERSION = YES;
				CLANG_WARN_DEPRECATED_OBJC_IMPLEMENTATIONS = YES;
				CLANG_WARN_DIRECT_OBJC_ISA_USAGE = YES_ERROR;
				CLANG_WARN_DOCUMENTATION_COMMENTS = YES;
				CLANG_WARN_EMPTY_BODY = YES;
				CLANG_WARN_ENUM_CONVERSION = YES;
				CLANG_WARN_INFINITE_RECURSION = YES;
				CLANG_WARN_INT_CONVERSION = YES;
				CLANG_WARN_NON_LITERAL_NULL_CONVERSION = YES;
				CLANG_WARN_OBJC_IMPLICIT_RETAIN_SELF = YES;
				CLANG_WARN_OBJC_LITERAL_CONVERSION = YES;
				CLANG_WARN_OBJC_ROOT_CLASS = YES_ERROR;
				CLANG_WARN_QUOTED_INCLUDE_IN_FRAMEWORK_HEADER = YES;
				CLANG_WARN_RANGE_LOOP_ANALYSIS = YES;
				CLANG_WARN_STRICT_PROTOTYPES = YES;
				CLANG_WARN_SUSPICIOUS_MOVE = YES;
				CLANG_WARN_UNGUARDED_AVAILABILITY = YES_AGGRESSIVE;
				CLANG_WARN_UNREACHABLE_CODE = YES;
				CLANG_WARN__DUPLICATE_METHOD_MATCH = YES;
				COPY_PHASE_STRIP = NO;
				DEBUG_INFORMATION_FORMAT = dwarf;
				DEVELOPMENT_TEAM = 7ADAZKWZ95;
				ENABLE_STRICT_OBJC_MSGSEND = YES;
				ENABLE_TESTABILITY = YES;
				ENABLE_USER_SCRIPT_SANDBOXING = YES;
				GCC_C_LANGUAGE_STANDARD = gnu17;
				GCC_DYNAMIC_NO_PIC = NO;
				GCC_NO_COMMON_BLOCKS = YES;
				GCC_OPTIMIZATION_LEVEL = 0;
				GCC_PREPROCESSOR_DEFINITIONS = (
					"DEBUG=1",
					"$(inherited)",
				);
				GCC_WARN_64_TO_32_BIT_CONVERSION = YES;
				GCC_WARN_ABOUT_RETURN_TYPE = YES_ERROR;
				GCC_WARN_UNDECLARED_SELECTOR = YES;
				GCC_WARN_UNINITIALIZED_AUTOS = YES_AGGRESSIVE;
				GCC_WARN_UNUSED_FUNCTION = YES;
				GCC_WARN_UNUSED_VARIABLE = YES;
				IPHONEOS_DEPLOYMENT_TARGET = 26.0;
				LOCALIZATION_PREFERS_STRING_CATALOGS = YES;
				MTL_ENABLE_DEBUG_INFO = INCLUDE_SOURCE;
				MTL_FAST_MATH = YES;
				ONLY_ACTIVE_ARCH = YES;
				SDKROOT = iphoneos;
				SWIFT_ACTIVE_COMPILATION_CONDITIONS = "DEBUG $(inherited)";
				SWIFT_OPTIMIZATION_LEVEL = "-Onone";
			};
			name = Debug;
		};
		ABCEF8B92ECBF30A00FF9755 /* Release */ = {
			isa = XCBuildConfiguration;
			buildSettings = {
				ALWAYS_SEARCH_USER_PATHS = NO;
				ASSETCATALOG_COMPILER_GENERATE_SWIFT_ASSET_SYMBOL_EXTENSIONS = YES;
				CLANG_ANALYZER_NONNULL = YES;
				CLANG_ANALYZER_NUMBER_OBJECT_CONVERSION = YES_AGGRESSIVE;
				CLANG_CXX_LANGUAGE_STANDARD = "gnu++20";
				CLANG_ENABLE_MODULES = YES;
				CLANG_ENABLE_OBJC_ARC = YES;
				CLANG_ENABLE_OBJC_WEAK = YES;
				CLANG_WARN_BLOCK_CAPTURE_AUTORELEASING = YES;
				CLANG_WARN_BOOL_CONVERSION = YES;
				CLANG_WARN_COMMA = YES;
				CLANG_WARN_CONSTANT_CONVERSION = YES;
				CLANG_WARN_DEPRECATED_OBJC_IMPLEMENTATIONS = YES;
				CLANG_WARN_DIRECT_OBJC_ISA_USAGE = YES_ERROR;
				CLANG_WARN_DOCUMENTATION_COMMENTS = YES;
				CLANG_WARN_EMPTY_BODY = YES;
				CLANG_WARN_ENUM_CONVERSION = YES;
				CLANG_WARN_INFINITE_RECURSION = YES;
				CLANG_WARN_INT_CONVERSION = YES;
				CLANG_WARN_NON_LITERAL_NULL_CONVERSION = YES;
				CLANG_WARN_OBJC_IMPLICIT_RETAIN_SELF = YES;
				CLANG_WARN_OBJC_LITERAL_CONVERSION = YES;
				CLANG_WARN_OBJC_ROOT_CLASS = YES_ERROR;
				CLANG_WARN_QUOTED_INCLUDE_IN_FRAMEWORK_HEADER = YES;
				CLANG_WARN_RANGE_LOOP_ANALYSIS = YES;
				CLANG_WARN_STRICT_PROTOTYPES = YES;
				CLANG_WARN_SUSPICIOUS_MOVE = YES;
				CLANG_WARN_UNGUARDED_AVAILABILITY = YES_AGGRESSIVE;
				CLANG_WARN_UNREACHABLE_CODE = YES;
				CLANG_WARN__DUPLICATE_METHOD_MATCH = YES;
				COPY_PHASE_STRIP = NO;
				DEBUG_INFORMATION_FORMAT = "dwarf-with-dsym";
				DEVELOPMENT_TEAM = 7ADAZKWZ95;
				ENABLE_NS_ASSERTIONS = NO;
				ENABLE_STRICT_OBJC_MSGSEND = YES;
				ENABLE_USER_SCRIPT_SANDBOXING = YES;
				GCC_C_LANGUAGE_STANDARD = gnu17;
				GCC_NO_COMMON_BLOCKS = YES;
				GCC_WARN_64_TO_32_BIT_CONVERSION = YES;
				GCC_WARN_ABOUT_RETURN_TYPE = YES_ERROR;
				GCC_WARN_UNDECLARED_SELECTOR = YES;
				GCC_WARN_UNINITIALIZED_AUTOS = YES_AGGRESSIVE;
				GCC_WARN_UNUSED_FUNCTION = YES;
				GCC_WARN_UNUSED_VARIABLE = YES;
				IPHONEOS_DEPLOYMENT_TARGET = 26.0;
				LOCALIZATION_PREFERS_STRING_CATALOGS = YES;
				MTL_ENABLE_DEBUG_INFO = NO;
				MTL_FAST_MATH = YES;
				SDKROOT = iphoneos;
				SWIFT_COMPILATION_MODE = wholemodule;
				VALIDATE_PRODUCT = YES;
			};
			name = Release;
		};
		ABCEF8BB2ECBF30A00FF9755 /* Debug */ = {
			isa = XCBuildConfiguration;
			buildSettings = {
				ASSETCATALOG_COMPILER_APPICON_NAME = AppIcon;
				ASSETCATALOG_COMPILER_GLOBAL_ACCENT_COLOR_NAME = AccentColor;
				CODE_SIGN_STYLE = Automatic;
				CURRENT_PROJECT_VERSION = 1;
				DEVELOPMENT_TEAM = 7ADAZKWZ95;
				ENABLE_PREVIEWS = YES;
				GENERATE_INFOPLIST_FILE = YES;
				INFOPLIST_KEY_UIApplicationSceneManifest_Generation = YES;
				INFOPLIST_KEY_UIApplicationSupportsIndirectInputEvents = YES;
				INFOPLIST_KEY_UILaunchScreen_Generation = YES;
				INFOPLIST_KEY_UISupportedInterfaceOrientations_iPad = "UIInterfaceOrientationPortrait UIInterfaceOrientationPortraitUpsideDown UIInterfaceOrientationLandscapeLeft UIInterfaceOrientationLandscapeRight";
				INFOPLIST_KEY_UISupportedInterfaceOrientations_iPhone = "UIInterfaceOrientationPortrait UIInterfaceOrientationLandscapeLeft UIInterfaceOrientationLandscapeRight";
				LD_RUNPATH_SEARCH_PATHS = (
					"$(inherited)",
					"@executable_path/Frameworks",
				);
				MARKETING_VERSION = 1.0;
				PRODUCT_BUNDLE_IDENTIFIER = "qantas.com.au.optimizely.demo.SwiftCode-Challenge";
				PRODUCT_NAME = "$(TARGET_NAME)";
				STRING_CATALOG_GENERATE_SYMBOLS = YES;
				SWIFT_APPROACHABLE_CONCURRENCY = YES;
				SWIFT_DEFAULT_ACTOR_ISOLATION = MainActor;
				SWIFT_EMIT_LOC_STRINGS = YES;
				SWIFT_UPCOMING_FEATURE_MEMBER_IMPORT_VISIBILITY = YES;
				SWIFT_VERSION = 5.0;
				TARGETED_DEVICE_FAMILY = "1,2";
			};
			name = Debug;
		};
		ABCEF8BC2ECBF30A00FF9755 /* Release */ = {
			isa = XCBuildConfiguration;
			buildSettings = {
				ASSETCATALOG_COMPILER_APPICON_NAME = AppIcon;
				ASSETCATALOG_COMPILER_GLOBAL_ACCENT_COLOR_NAME = AccentColor;
				CODE_SIGN_STYLE = Automatic;
				CURRENT_PROJECT_VERSION = 1;
				DEVELOPMENT_TEAM = 7ADAZKWZ95;
				ENABLE_PREVIEWS = YES;
				GENERATE_INFOPLIST_FILE = YES;
				INFOPLIST_KEY_UIApplicationSceneManifest_Generation = YES;
				INFOPLIST_KEY_UIApplicationSupportsIndirectInputEvents = YES;
				INFOPLIST_KEY_UILaunchScreen_Generation = YES;
				INFOPLIST_KEY_UISupportedInterfaceOrientations_iPad = "UIInterfaceOrientationPortrait UIInterfaceOrientationPortraitUpsideDown UIInterfaceOrientationLandscapeLeft UIInterfaceOrientationLandscapeRight";
				INFOPLIST_KEY_UISupportedInterfaceOrientations_iPhone = "UIInterfaceOrientationPortrait UIInterfaceOrientationLandscapeLeft UIInterfaceOrientationLandscapeRight";
				LD_RUNPATH_SEARCH_PATHS = (
					"$(inherited)",
					"@executable_path/Frameworks",
				);
				MARKETING_VERSION = 1.0;
				PRODUCT_BUNDLE_IDENTIFIER = "qantas.com.au.optimizely.demo.SwiftCode-Challenge";
				PRODUCT_NAME = "$(TARGET_NAME)";
				STRING_CATALOG_GENERATE_SYMBOLS = YES;
				SWIFT_APPROACHABLE_CONCURRENCY = YES;
				SWIFT_DEFAULT_ACTOR_ISOLATION = MainActor;
				SWIFT_EMIT_LOC_STRINGS = YES;
				SWIFT_UPCOMING_FEATURE_MEMBER_IMPORT_VISIBILITY = YES;
				SWIFT_VERSION = 5.0;
				TARGETED_DEVICE_FAMILY = "1,2";
			};
			name = Release;
		};
		ABCEF8BE2ECBF30A00FF9755 /* Debug */ = {
			isa = XCBuildConfiguration;
			buildSettings = {
				BUNDLE_LOADER = "$(TEST_HOST)";
				CODE_SIGN_STYLE = Automatic;
				CURRENT_PROJECT_VERSION = 1;
				DEVELOPMENT_TEAM = 7ADAZKWZ95;
				GENERATE_INFOPLIST_FILE = YES;
				IPHONEOS_DEPLOYMENT_TARGET = 26.0;
				MARKETING_VERSION = 1.0;
				PRODUCT_BUNDLE_IDENTIFIER = "qantas.com.au.optimizely.demo.SwiftCode-ChallengeTests";
				PRODUCT_NAME = "$(TARGET_NAME)";
				STRING_CATALOG_GENERATE_SYMBOLS = NO;
				SWIFT_APPROACHABLE_CONCURRENCY = YES;
				SWIFT_EMIT_LOC_STRINGS = NO;
				SWIFT_UPCOMING_FEATURE_MEMBER_IMPORT_VISIBILITY = YES;
				SWIFT_VERSION = 5.0;
				TARGETED_DEVICE_FAMILY = "1,2";
				TEST_HOST = "$(BUILT_PRODUCTS_DIR)/SwiftCode_Challenge.app/$(BUNDLE_EXECUTABLE_FOLDER_PATH)/SwiftCode_Challenge";
			};
			name = Debug;
		};
		ABCEF8BF2ECBF30A00FF9755 /* Release */ = {
			isa = XCBuildConfiguration;
			buildSettings = {
				BUNDLE_LOADER = "$(TEST_HOST)";
				CODE_SIGN_STYLE = Automatic;
				CURRENT_PROJECT_VERSION = 1;
				DEVELOPMENT_TEAM = 7ADAZKWZ95;
				GENERATE_INFOPLIST_FILE = YES;
				IPHONEOS_DEPLOYMENT_TARGET = 26.0;
				MARKETING_VERSION = 1.0;
				PRODUCT_BUNDLE_IDENTIFIER = "qantas.com.au.optimizely.demo.SwiftCode-ChallengeTests";
				PRODUCT_NAME = "$(TARGET_NAME)";
				STRING_CATALOG_GENERATE_SYMBOLS = NO;
				SWIFT_APPROACHABLE_CONCURRENCY = YES;
				SWIFT_EMIT_LOC_STRINGS = NO;
				SWIFT_UPCOMING_FEATURE_MEMBER_IMPORT_VISIBILITY = YES;
				SWIFT_VERSION = 5.0;
				TARGETED_DEVICE_FAMILY = "1,2";
				TEST_HOST = "$(BUILT_PRODUCTS_DIR)/SwiftCode_Challenge.app/$(BUNDLE_EXECUTABLE_FOLDER_PATH)/SwiftCode_Challenge";
			};
			name = Release;
		};
		ABCEF8C12ECBF30A00FF9755 /* Debug */ = {
			isa = XCBuildConfiguration;
			buildSettings = {
				CODE_SIGN_STYLE = Automatic;
				CURRENT_PROJECT_VERSION = 1;
				DEVELOPMENT_TEAM = 7ADAZKWZ95;
				GENERATE_INFOPLIST_FILE = YES;
				MARKETING_VERSION = 1.0;
				PRODUCT_BUNDLE_IDENTIFIER = "qantas.com.au.optimizely.demo.SwiftCode-ChallengeUITests";
				PRODUCT_NAME = "$(TARGET_NAME)";
				STRING_CATALOG_GENERATE_SYMBOLS = NO;
				SWIFT_APPROACHABLE_CONCURRENCY = YES;
				SWIFT_EMIT_LOC_STRINGS = NO;
				SWIFT_UPCOMING_FEATURE_MEMBER_IMPORT_VISIBILITY = YES;
				SWIFT_VERSION = 5.0;
				TARGETED_DEVICE_FAMILY = "1,2";
				TEST_TARGET_NAME = SwiftCode_Challenge;
			};
			name = Debug;
		};
		ABCEF8C22ECBF30A00FF9755 /* Release */ = {
			isa = XCBuildConfiguration;
			buildSettings = {
				CODE_SIGN_STYLE = Automatic;
				CURRENT_PROJECT_VERSION = 1;
				DEVELOPMENT_TEAM = 7ADAZKWZ95;
				GENERATE_INFOPLIST_FILE = YES;
				MARKETING_VERSION = 1.0;
				PRODUCT_BUNDLE_IDENTIFIER = "qantas.com.au.optimizely.demo.SwiftCode-ChallengeUITests";
				PRODUCT_NAME = "$(TARGET_NAME)";
				STRING_CATALOG_GENERATE_SYMBOLS = NO;
				SWIFT_APPROACHABLE_CONCURRENCY = YES;
				SWIFT_EMIT_LOC_STRINGS = NO;
				SWIFT_UPCOMING_FEATURE_MEMBER_IMPORT_VISIBILITY = YES;
				SWIFT_VERSION = 5.0;
				TARGETED_DEVICE_FAMILY = "1,2";
				TEST_TARGET_NAME = SwiftCode_Challenge;
			};
			name = Release;
		};
/* End XCBuildConfiguration section */

/* Begin XCConfigurationList section */
		ABCEF8942ECBF30700FF9755 /* Build configuration list for PBXProject "SwiftCode_Challenge" */ = {
			isa = XCConfigurationList;
			buildConfigurations = (
				ABCEF8B82ECBF30A00FF9755 /* Debug */,
				ABCEF8B92ECBF30A00FF9755 /* Release */,
			);
			defaultConfigurationIsVisible = 0;
			defaultConfigurationName = Release;
		};
		ABCEF8BA2ECBF30A00FF9755 /* Build configuration list for PBXNativeTarget "SwiftCode_Challenge" */ = {
			isa = XCConfigurationList;
			buildConfigurations = (
				ABCEF8BB2ECBF30A00FF9755 /* Debug */,
				ABCEF8BC2ECBF30A00FF9755 /* Release */,
			);
			defaultConfigurationIsVisible = 0;
			defaultConfigurationName = Release;
		};
		ABCEF8BD2ECBF30A00FF9755 /* Build configuration list for PBXNativeTarget "SwiftCode_ChallengeTests" */ = {
			isa = XCConfigurationList;
			buildConfigurations = (
				ABCEF8BE2ECBF30A00FF9755 /* Debug */,
				ABCEF8BF2ECBF30A00FF9755 /* Release */,
			);
			defaultConfigurationIsVisible = 0;
			defaultConfigurationName = Release;
		};
		ABCEF8C02ECBF30A00FF9755 /* Build configuration list for PBXNativeTarget "SwiftCode_ChallengeUITests" */ = {
			isa = XCConfigurationList;
			buildConfigurations = (
				ABCEF8C12ECBF30A00FF9755 /* Debug */,
				ABCEF8C22ECBF30A00FF9755 /* Release */,
			);
			defaultConfigurationIsVisible = 0;
			defaultConfigurationName = Release;
		};
/* End XCConfigurationList section */
	};
	rootObject = ABCEF8912ECBF30700FF9755 /* Project object */;
}
